
Microsoft Visual Studio Solution File, Format Version 11.00
# Visual Studio 2010
Project("{FAE04EC0-301F-11D3-BF4B-00C04F79EFBC}") = "Assembly-CSharp", "Assembly-CSharp.csproj", "{C384027C-FFDA-296F-46C4-2B9DF4530ECA}"
EndProject
Project("{FAE04EC0-301F-11D3-BF4B-00C04F79EFBC}") = "Assembly-CSharp-Editor-firstpass", "Assembly-CSharp-Editor-firstpass.csproj", "{D7546794-3BEC-6F17-55F5-D0098762C126}"
EndProject
Global
	GlobalSection(SolutionConfigurationPlatforms) = preSolution
		Debug|Any CPU = Debug|Any CPU
		Release|Any CPU = Release|Any CPU
	EndGlobalSection
	GlobalSection(ProjectConfigurationPlatforms) = postSolution
		{C384027C-FFDA-296F-46C4-2B9DF4530ECA}.Debug|Any CPU.ActiveCfg = Debug|Any CPU
		{C384027C-FFDA-296F-46C4-2B9DF4530ECA}.Debug|Any CPU.Build.0 = Debug|Any CPU
		{C384027C-FFDA-296F-46C4-2B9DF4530ECA}.Release|Any CPU.ActiveCfg = Release|Any CPU
		{C384027C-FFDA-296F-46C4-2B9DF4530ECA}.Release|Any CPU.Build.0 = Release|Any CPU
		{D7546794-3BEC-6F17-55F5-D0098762C126}.Debug|Any CPU.ActiveCfg = Debug|Any CPU
		{D7546794-3BEC-6F17-55F5-D0098762C126}.Debug|Any CPU.Build.0 = Debug|Any CPU
		{D7546794-3BEC-6F17-55F5-D0098762C126}.Release|Any CPU.ActiveCfg = Release|Any CPU
		{D7546794-3BEC-6F17-55F5-D0098762C126}.Release|Any CPU.Build.0 = Release|Any CPU
	EndGlobalSection
	GlobalSection(SolutionProperties) = preSolution
		HideSolutionNode = FALSE
	EndGlobalSection
	GlobalSection(MonoDevelopProperties) = preSolution
		StartupItem = Assembly-CSharp.csproj
	EndGlobalSection
EndGlobal
